
Microsoft Visual Studio Solution File, Format Version 12.00
# Visual Studio Version 16
VisualStudioVersion = 16.0.32929.386
MinimumVisualStudioVersion = 10.0.40219.1
Project("{C9674DCB-5085-4A16-B785-4C70DD1589BD}") = "Projekt", "Projekt\Projekt.dtproj", "{5B91F4C2-62CE-4205-ADC5-74C1960DEC1F}"
EndProject
Global
	GlobalSection(SolutionConfigurationPlatforms) = preSolution
		Development|Default = Development|Default
	EndGlobalSection
	GlobalSection(ProjectConfigurationPlatforms) = postSolution
		{5B91F4C2-62CE-4205-ADC5-74C1960DEC1F}.Development|Default.ActiveCfg = Development
		{5B91F4C2-62CE-4205-ADC5-74C1960DEC1F}.Development|Default.Build.0 = Development
	EndGlobalSection
	GlobalSection(SolutionProperties) = preSolution
		HideSolutionNode = FALSE
	EndGlobalSection
	GlobalSection(ExtensibilityGlobals) = postSolution
		SolutionGuid = {BC5693E6-9235-4972-9367-D6D983DC4578}
	EndGlobalSection
EndGlobal
